
Microsoft Visual Studio Solution File, Format Version 12.00
# Visual Studio 15
VisualStudioVersion = 15.0.26228.4
MinimumVisualStudioVersion = 10.0.40219.1
Project("{FAE04EC0-301F-11D3-BF4B-00C04F79EFBC}") = "SecuritySystem", "SecuritySystem\SecuritySystem.csproj", "{5D9A65D8-A8ED-45F6-8D5D-72DD56B47F75}"
EndProject
Project("{FAE04EC0-301F-11D3-BF4B-00C04F79EFBC}") = "ClassLibr", "ClassLibr\ClassLibr.csproj", "{70672359-6659-4E23-9061-626840EEA314}"
EndProject
Global
	GlobalSection(SolutionConfigurationPlatforms) = preSolution
		Debug|Any CPU = Debug|Any CPU
		Release|Any CPU = Release|Any CPU
	EndGlobalSection
	GlobalSection(ProjectConfigurationPlatforms) = postSolution
		{5D9A65D8-A8ED-45F6-8D5D-72DD56B47F75}.Debug|Any CPU.ActiveCfg = Debug|Any CPU
		{5D9A65D8-A8ED-45F6-8D5D-72DD56B47F75}.Debug|Any CPU.Build.0 = Debug|Any CPU
		{5D9A65D8-A8ED-45F6-8D5D-72DD56B47F75}.Release|Any CPU.ActiveCfg = Release|Any CPU
		{5D9A65D8-A8ED-45F6-8D5D-72DD56B47F75}.Release|Any CPU.Build.0 = Release|Any CPU
		{70672359-6659-4E23-9061-626840EEA314}.Debug|Any CPU.ActiveCfg = Debug|Any CPU
		{70672359-6659-4E23-9061-626840EEA314}.Debug|Any CPU.Build.0 = Debug|Any CPU
		{70672359-6659-4E23-9061-626840EEA314}.Release|Any CPU.ActiveCfg = Release|Any CPU
		{70672359-6659-4E23-9061-626840EEA314}.Release|Any CPU.Build.0 = Release|Any CPU
	EndGlobalSection
	GlobalSection(SolutionProperties) = preSolution
		HideSolutionNode = FALSE
	EndGlobalSection
EndGlobal
